
Microsoft Visual Studio Solution File, Format Version 12.00
# Visual Studio Version 16
VisualStudioVersion = 16.0.29001.49
MinimumVisualStudioVersion = 10.0.40219.1
Project("{9A19103F-16F7-4668-BE54-9A1E7A4F7556}") = "MCTProcon30Protocol", "MCTProcon30Protocol\MCTProcon30Protocol.csproj", "{E893A5B3-F3D3-4EA0-85DF-0FF9397C4C3D}"
EndProject
Project("{FAE04EC0-301F-11D3-BF4B-00C04F79EFBC}") = "MCTProcon30Protocol.Test", "MCTProcon30Protocol.Test\MCTProcon30Protocol.Test.csproj", "{0AC8E819-AC50-45F0-9FAA-C31438C9819C}"
EndProject
Global
	GlobalSection(SolutionConfigurationPlatforms) = preSolution
		Debug|Any CPU = Debug|Any CPU
		Debug|x64 = Debug|x64
		Debug|x86 = Debug|x86
		Release|Any CPU = Release|Any CPU
		Release|x64 = Release|x64
		Release|x86 = Release|x86
	EndGlobalSection
	GlobalSection(ProjectConfigurationPlatforms) = postSolution
		{E893A5B3-F3D3-4EA0-85DF-0FF9397C4C3D}.Debug|Any CPU.ActiveCfg = Debug|Any CPU
		{E893A5B3-F3D3-4EA0-85DF-0FF9397C4C3D}.Debug|Any CPU.Build.0 = Debug|Any CPU
		{E893A5B3-F3D3-4EA0-85DF-0FF9397C4C3D}.Debug|x64.ActiveCfg = Debug|Any CPU
		{E893A5B3-F3D3-4EA0-85DF-0FF9397C4C3D}.Debug|x64.Build.0 = Debug|Any CPU
		{E893A5B3-F3D3-4EA0-85DF-0FF9397C4C3D}.Debug|x86.ActiveCfg = Debug|Any CPU
		{E893A5B3-F3D3-4EA0-85DF-0FF9397C4C3D}.Debug|x86.Build.0 = Debug|Any CPU
		{E893A5B3-F3D3-4EA0-85DF-0FF9397C4C3D}.Release|Any CPU.ActiveCfg = Release|Any CPU
		{E893A5B3-F3D3-4EA0-85DF-0FF9397C4C3D}.Release|Any CPU.Build.0 = Release|Any CPU
		{E893A5B3-F3D3-4EA0-85DF-0FF9397C4C3D}.Release|x64.ActiveCfg = Release|Any CPU
		{E893A5B3-F3D3-4EA0-85DF-0FF9397C4C3D}.Release|x64.Build.0 = Release|Any CPU
		{E893A5B3-F3D3-4EA0-85DF-0FF9397C4C3D}.Release|x86.ActiveCfg = Release|Any CPU
		{E893A5B3-F3D3-4EA0-85DF-0FF9397C4C3D}.Release|x86.Build.0 = Release|Any CPU
		{0AC8E819-AC50-45F0-9FAA-C31438C9819C}.Debug|Any CPU.ActiveCfg = Debug|Any CPU
		{0AC8E819-AC50-45F0-9FAA-C31438C9819C}.Debug|Any CPU.Build.0 = Debug|Any CPU
		{0AC8E819-AC50-45F0-9FAA-C31438C9819C}.Debug|x64.ActiveCfg = Debug|Any CPU
		{0AC8E819-AC50-45F0-9FAA-C31438C9819C}.Debug|x64.Build.0 = Debug|Any CPU
		{0AC8E819-AC50-45F0-9FAA-C31438C9819C}.Debug|x86.ActiveCfg = Debug|Any CPU
		{0AC8E819-AC50-45F0-9FAA-C31438C9819C}.Debug|x86.Build.0 = Debug|Any CPU
		{0AC8E819-AC50-45F0-9FAA-C31438C9819C}.Release|Any CPU.ActiveCfg = Release|Any CPU
		{0AC8E819-AC50-45F0-9FAA-C31438C9819C}.Release|Any CPU.Build.0 = Release|Any CPU
		{0AC8E819-AC50-45F0-9FAA-C31438C9819C}.Release|x64.ActiveCfg = Release|Any CPU
		{0AC8E819-AC50-45F0-9FAA-C31438C9819C}.Release|x64.Build.0 = Release|Any CPU
		{0AC8E819-AC50-45F0-9FAA-C31438C9819C}.Release|x86.ActiveCfg = Release|Any CPU
		{0AC8E819-AC50-45F0-9FAA-C31438C9819C}.Release|x86.Build.0 = Release|Any CPU
	EndGlobalSection
	GlobalSection(SolutionProperties) = preSolution
		HideSolutionNode = FALSE
	EndGlobalSection
	GlobalSection(ExtensibilityGlobals) = postSolution
		SolutionGuid = {9435E0C2-66DC-4C3A-8F72-F70E01E4DFB0}
	EndGlobalSection
EndGlobal
